// !$*UTF8*$!
{
	archiveVersion = 1;
	classes = {
	};
	objectVersion = 50;
	objects = {

/* Begin PBXBuildFile section */
		5AD519DF4C27AA8C2D5AE77D /* Pods_Ping_ChatTests.framework in Frameworks */ = {isa = PBXBuildFile; fileRef = 86D0F1D0B0EED8C04531C074 /* Pods_Ping_ChatTests.framework */; };
		622DA9C7B980D98A2E1661A4 /* Pods_Ping_ChatUITests.framework in Frameworks */ = {isa = PBXBuildFile; fileRef = CDF2AEB8817DA1121B7A2B50 /* Pods_Ping_ChatUITests.framework */; };
		8BAA82612092D6A20099D1E9 /* PasswordVC.swift in Sources */ = {isa = PBXBuildFile; fileRef = 8BAA82602092D6A20099D1E9 /* PasswordVC.swift */; };
		8BAA82652092F8EB0099D1E9 /* AddFriendsVC.swift in Sources */ = {isa = PBXBuildFile; fileRef = 8BAA82642092F8EB0099D1E9 /* AddFriendsVC.swift */; };
		8BAA82682092F9670099D1E9 /* AddFrindsTableViewCell.swift in Sources */ = {isa = PBXBuildFile; fileRef = 8BAA82672092F9670099D1E9 /* AddFrindsTableViewCell.swift */; };
		8BAA826A2092F9B30099D1E9 /* AddFriendsTableView.swift in Sources */ = {isa = PBXBuildFile; fileRef = 8BAA82692092F9B30099D1E9 /* AddFriendsTableView.swift */; };
		8BAA826C2093069B0099D1E9 /* BirthdayVC.swift in Sources */ = {isa = PBXBuildFile; fileRef = 8BAA826B2093069B0099D1E9 /* BirthdayVC.swift */; };
		8BAA826E209310DC0099D1E9 /* Login.storyboard in Resources */ = {isa = PBXBuildFile; fileRef = 8BAA826D209310DC0099D1E9 /* Login.storyboard */; };
		8BAA8270209311FE0099D1E9 /* LoginVC.swift in Sources */ = {isa = PBXBuildFile; fileRef = 8BAA826F209311FE0099D1E9 /* LoginVC.swift */; };
		8BAA8272209318340099D1E9 /* GoogleService-Info.plist in Resources */ = {isa = PBXBuildFile; fileRef = 8BAA8271209318330099D1E9 /* GoogleService-Info.plist */; };
		8BD1AAA6209029BD0040539D /* AppDelegate.swift in Sources */ = {isa = PBXBuildFile; fileRef = 8BD1AAA5209029BD0040539D /* AppDelegate.swift */; };
		8BD1AAA8209029BD0040539D /* WelcomeVC.swift in Sources */ = {isa = PBXBuildFile; fileRef = 8BD1AAA7209029BD0040539D /* WelcomeVC.swift */; };
		8BD1AAAB209029BD0040539D /* Main.storyboard in Resources */ = {isa = PBXBuildFile; fileRef = 8BD1AAA9209029BD0040539D /* Main.storyboard */; };
		8BD1AAB0209029C00040539D /* LaunchScreen.storyboard in Resources */ = {isa = PBXBuildFile; fileRef = 8BD1AAAE209029C00040539D /* LaunchScreen.storyboard */; };
		8BD1AABB209029C00040539D /* Ping_ChatTests.swift in Sources */ = {isa = PBXBuildFile; fileRef = 8BD1AABA209029C00040539D /* Ping_ChatTests.swift */; };
		8BD1AAC6209029C00040539D /* Ping_ChatUITests.swift in Sources */ = {isa = PBXBuildFile; fileRef = 8BD1AAC5209029C00040539D /* Ping_ChatUITests.swift */; };
		8BD1AAD62090344D0040539D /* Montserrat-Regular.otf in Resources */ = {isa = PBXBuildFile; fileRef = 8BD1AAD42090344C0040539D /* Montserrat-Regular.otf */; };
		8BD1AAD72090344D0040539D /* Montserrat-Bold.otf in Resources */ = {isa = PBXBuildFile; fileRef = 8BD1AAD52090344D0040539D /* Montserrat-Bold.otf */; };
		8BD1AADA209037560040539D /* RoundedButton.swift in Sources */ = {isa = PBXBuildFile; fileRef = 8BD1AAD9209037560040539D /* RoundedButton.swift */; };
		8BD1AADC20903C6B0040539D /* Assets.xcassets in Resources */ = {isa = PBXBuildFile; fileRef = 8BD1AADB20903C6A0040539D /* Assets.xcassets */; };
		8BD1AADE20904A8C0040539D /* Register.storyboard in Resources */ = {isa = PBXBuildFile; fileRef = 8BD1AADD20904A8C0040539D /* Register.storyboard */; };
		8BD1AAE020904AEE0040539D /* NameVC.swift in Sources */ = {isa = PBXBuildFile; fileRef = 8BD1AADF20904AEE0040539D /* NameVC.swift */; };
		8BD1AAE2209064BF0040539D /* SegueFromLeft.swift in Sources */ = {isa = PBXBuildFile; fileRef = 8BD1AAE1209064BF0040539D /* SegueFromLeft.swift */; };
		8BD1AAE4209066C00040539D /* SegueFromRight.swift in Sources */ = {isa = PBXBuildFile; fileRef = 8BD1AAE3209066C00040539D /* SegueFromRight.swift */; };
		8BD201A62091A9630051DC70 /* EmailVC.swift in Sources */ = {isa = PBXBuildFile; fileRef = 8BD201A52091A9630051DC70 /* EmailVC.swift */; };
		8BD201A82091B4F10051DC70 /* ProfileVC.swift in Sources */ = {isa = PBXBuildFile; fileRef = 8BD201A72091B4F00051DC70 /* ProfileVC.swift */; };
		8BEC07DD2091CA3300723BD6 /* UsernameVC.swift in Sources */ = {isa = PBXBuildFile; fileRef = 8BEC07DC2091CA3300723BD6 /* UsernameVC.swift */; };
		EC387848C019BE0708E2BF97 /* Pods_Ping_Chat.framework in Frameworks */ = {isa = PBXBuildFile; fileRef = 5AE212D6347EC0C137DD589E /* Pods_Ping_Chat.framework */; };
/* End PBXBuildFile section */

/* Begin PBXContainerItemProxy section */
		8BD1AAB7209029C00040539D /* PBXContainerItemProxy */ = {
			isa = PBXContainerItemProxy;
			containerPortal = 8BD1AA9A209029BC0040539D /* Project object */;
			proxyType = 1;
			remoteGlobalIDString = 8BD1AAA1209029BD0040539D;
			remoteInfo = "Ping Chat";
		};
		8BD1AAC2209029C00040539D /* PBXContainerItemProxy */ = {
			isa = PBXContainerItemProxy;
			containerPortal = 8BD1AA9A209029BC0040539D /* Project object */;
			proxyType = 1;
			remoteGlobalIDString = 8BD1AAA1209029BD0040539D;
			remoteInfo = "Ping Chat";
		};
/* End PBXContainerItemProxy section */

/* Begin PBXFileReference section */
		5AE212D6347EC0C137DD589E /* Pods_Ping_Chat.framework */ = {isa = PBXFileReference; explicitFileType = wrapper.framework; includeInIndex = 0; path = Pods_Ping_Chat.framework; sourceTree = BUILT_PRODUCTS_DIR; };
		7A160507EECA399F927647A8 /* Pods-Ping Chat.debug.xcconfig */ = {isa = PBXFileReference; includeInIndex = 1; lastKnownFileType = text.xcconfig; name = "Pods-Ping Chat.debug.xcconfig"; path = "Pods/Target Support Files/Pods-Ping Chat/Pods-Ping Chat.debug.xcconfig"; sourceTree = "<group>"; };
		86D0F1D0B0EED8C04531C074 /* Pods_Ping_ChatTests.framework */ = {isa = PBXFileReference; explicitFileType = wrapper.framework; includeInIndex = 0; path = Pods_Ping_ChatTests.framework; sourceTree = BUILT_PRODUCTS_DIR; };
		8BAA82602092D6A20099D1E9 /* PasswordVC.swift */ = {isa = PBXFileReference; lastKnownFileType = sourcecode.swift; path = PasswordVC.swift; sourceTree = "<group>"; };
		8BAA82642092F8EB0099D1E9 /* AddFriendsVC.swift */ = {isa = PBXFileReference; lastKnownFileType = sourcecode.swift; path = AddFriendsVC.swift; sourceTree = "<group>"; };
		8BAA82672092F9670099D1E9 /* AddFrindsTableViewCell.swift */ = {isa = PBXFileReference; lastKnownFileType = sourcecode.swift; path = AddFrindsTableViewCell.swift; sourceTree = "<group>"; };
		8BAA82692092F9B30099D1E9 /* AddFriendsTableView.swift */ = {isa = PBXFileReference; lastKnownFileType = sourcecode.swift; path = AddFriendsTableView.swift; sourceTree = "<group>"; };
		8BAA826B2093069B0099D1E9 /* BirthdayVC.swift */ = {isa = PBXFileReference; lastKnownFileType = sourcecode.swift; path = BirthdayVC.swift; sourceTree = "<group>"; };
		8BAA826D209310DC0099D1E9 /* Login.storyboard */ = {isa = PBXFileReference; lastKnownFileType = file.storyboard; path = Login.storyboard; sourceTree = "<group>"; };
		8BAA826F209311FE0099D1E9 /* LoginVC.swift */ = {isa = PBXFileReference; lastKnownFileType = sourcecode.swift; path = LoginVC.swift; sourceTree = "<group>"; };
		8BAA8271209318330099D1E9 /* GoogleService-Info.plist */ = {isa = PBXFileReference; fileEncoding = 4; lastKnownFileType = text.plist.xml; path = "GoogleService-Info.plist"; sourceTree = "<group>"; };
		8BD1AAA2209029BD0040539D /* Ping Chat.app */ = {isa = PBXFileReference; explicitFileType = wrapper.application; includeInIndex = 0; path = "Ping Chat.app"; sourceTree = BUILT_PRODUCTS_DIR; };
		8BD1AAA5209029BD0040539D /* AppDelegate.swift */ = {isa = PBXFileReference; lastKnownFileType = sourcecode.swift; path = AppDelegate.swift; sourceTree = "<group>"; };
		8BD1AAA7209029BD0040539D /* WelcomeVC.swift */ = {isa = PBXFileReference; lastKnownFileType = sourcecode.swift; path = WelcomeVC.swift; sourceTree = "<group>"; };
		8BD1AAAA209029BD0040539D /* Base */ = {isa = PBXFileReference; lastKnownFileType = file.storyboard; name = Base; path = Base.lproj/Main.storyboard; sourceTree = "<group>"; };
		8BD1AAAF209029C00040539D /* Base */ = {isa = PBXFileReference; lastKnownFileType = file.storyboard; name = Base; path = Base.lproj/LaunchScreen.storyboard; sourceTree = "<group>"; };
		8BD1AAB1209029C00040539D /* Info.plist */ = {isa = PBXFileReference; lastKnownFileType = text.plist.xml; path = Info.plist; sourceTree = "<group>"; };
		8BD1AAB6209029C00040539D /* Ping ChatTests.xctest */ = {isa = PBXFileReference; explicitFileType = wrapper.cfbundle; includeInIndex = 0; path = "Ping ChatTests.xctest"; sourceTree = BUILT_PRODUCTS_DIR; };
		8BD1AABA209029C00040539D /* Ping_ChatTests.swift */ = {isa = PBXFileReference; lastKnownFileType = sourcecode.swift; path = Ping_ChatTests.swift; sourceTree = "<group>"; };
		8BD1AABC209029C00040539D /* Info.plist */ = {isa = PBXFileReference; lastKnownFileType = text.plist.xml; path = Info.plist; sourceTree = "<group>"; };
		8BD1AAC1209029C00040539D /* Ping ChatUITests.xctest */ = {isa = PBXFileReference; explicitFileType = wrapper.cfbundle; includeInIndex = 0; path = "Ping ChatUITests.xctest"; sourceTree = BUILT_PRODUCTS_DIR; };
		8BD1AAC5209029C00040539D /* Ping_ChatUITests.swift */ = {isa = PBXFileReference; lastKnownFileType = sourcecode.swift; path = Ping_ChatUITests.swift; sourceTree = "<group>"; };
		8BD1AAC7209029C00040539D /* Info.plist */ = {isa = PBXFileReference; lastKnownFileType = text.plist.xml; path = Info.plist; sourceTree = "<group>"; };
		8BD1AAD42090344C0040539D /* Montserrat-Regular.otf */ = {isa = PBXFileReference; lastKnownFileType = file; path = "Montserrat-Regular.otf"; sourceTree = "<group>"; };
		8BD1AAD52090344D0040539D /* Montserrat-Bold.otf */ = {isa = PBXFileReference; lastKnownFileType = file; path = "Montserrat-Bold.otf"; sourceTree = "<group>"; };
		8BD1AAD9209037560040539D /* RoundedButton.swift */ = {isa = PBXFileReference; lastKnownFileType = sourcecode.swift; path = RoundedButton.swift; sourceTree = "<group>"; };
		8BD1AADB20903C6A0040539D /* Assets.xcassets */ = {isa = PBXFileReference; lastKnownFileType = folder.assetcatalog; path = Assets.xcassets; sourceTree = "<group>"; };
		8BD1AADD20904A8C0040539D /* Register.storyboard */ = {isa = PBXFileReference; lastKnownFileType = file.storyboard; path = Register.storyboard; sourceTree = "<group>"; };
		8BD1AADF20904AEE0040539D /* NameVC.swift */ = {isa = PBXFileReference; lastKnownFileType = sourcecode.swift; path = NameVC.swift; sourceTree = "<group>"; };
		8BD1AAE1209064BF0040539D /* SegueFromLeft.swift */ = {isa = PBXFileReference; lastKnownFileType = sourcecode.swift; path = SegueFromLeft.swift; sourceTree = "<group>"; };
		8BD1AAE3209066C00040539D /* SegueFromRight.swift */ = {isa = PBXFileReference; lastKnownFileType = sourcecode.swift; path = SegueFromRight.swift; sourceTree = "<group>"; };
		8BD201A52091A9630051DC70 /* EmailVC.swift */ = {isa = PBXFileReference; lastKnownFileType = sourcecode.swift; path = EmailVC.swift; sourceTree = "<group>"; };
		8BD201A72091B4F00051DC70 /* ProfileVC.swift */ = {isa = PBXFileReference; lastKnownFileType = sourcecode.swift; path = ProfileVC.swift; sourceTree = "<group>"; };
		8BEC07DC2091CA3300723BD6 /* UsernameVC.swift */ = {isa = PBXFileReference; lastKnownFileType = sourcecode.swift; path = UsernameVC.swift; sourceTree = "<group>"; };
		8FCDDBC92C9A21BA1B23662F /* Pods-Ping ChatTests.debug.xcconfig */ = {isa = PBXFileReference; includeInIndex = 1; lastKnownFileType = text.xcconfig; name = "Pods-Ping ChatTests.debug.xcconfig"; path = "Pods/Target Support Files/Pods-Ping ChatTests/Pods-Ping ChatTests.debug.xcconfig"; sourceTree = "<group>"; };
		ABABEA6C6E67C270F5EC321E /* Pods-Ping ChatTests.release.xcconfig */ = {isa = PBXFileReference; includeInIndex = 1; lastKnownFileType = text.xcconfig; name = "Pods-Ping ChatTests.release.xcconfig"; path = "Pods/Target Support Files/Pods-Ping ChatTests/Pods-Ping ChatTests.release.xcconfig"; sourceTree = "<group>"; };
		CA94DF435AF7FE27D5AEBC9E /* Pods-Ping Chat.release.xcconfig */ = {isa = PBXFileReference; includeInIndex = 1; lastKnownFileType = text.xcconfig; name = "Pods-Ping Chat.release.xcconfig"; path = "Pods/Target Support Files/Pods-Ping Chat/Pods-Ping Chat.release.xcconfig"; sourceTree = "<group>"; };
		CDF2AEB8817DA1121B7A2B50 /* Pods_Ping_ChatUITests.framework */ = {isa = PBXFileReference; explicitFileType = wrapper.framework; includeInIndex = 0; path = Pods_Ping_ChatUITests.framework; sourceTree = BUILT_PRODUCTS_DIR; };
		D6E5DE512038CF032951A751 /* Pods-Ping ChatUITests.release.xcconfig */ = {isa = PBXFileReference; includeInIndex = 1; lastKnownFileType = text.xcconfig; name = "Pods-Ping ChatUITests.release.xcconfig"; path = "Pods/Target Support Files/Pods-Ping ChatUITests/Pods-Ping ChatUITests.release.xcconfig"; sourceTree = "<group>"; };
		F54D44D1762191AB6277001F /* Pods-Ping ChatUITests.debug.xcconfig */ = {isa = PBXFileReference; includeInIndex = 1; lastKnownFileType = text.xcconfig; name = "Pods-Ping ChatUITests.debug.xcconfig"; path = "Pods/Target Support Files/Pods-Ping ChatUITests/Pods-Ping ChatUITests.debug.xcconfig"; sourceTree = "<group>"; };
/* End PBXFileReference section */

/* Begin PBXFrameworksBuildPhase section */
		8BD1AA9F209029BD0040539D /* Frameworks */ = {
			isa = PBXFrameworksBuildPhase;
			buildActionMask = 2147483647;
			files = (
				EC387848C019BE0708E2BF97 /* Pods_Ping_Chat.framework in Frameworks */,
			);
			runOnlyForDeploymentPostprocessing = 0;
		};
		8BD1AAB3209029C00040539D /* Frameworks */ = {
			isa = PBXFrameworksBuildPhase;
			buildActionMask = 2147483647;
			files = (
				5AD519DF4C27AA8C2D5AE77D /* Pods_Ping_ChatTests.framework in Frameworks */,
			);
			runOnlyForDeploymentPostprocessing = 0;
		};
		8BD1AABE209029C00040539D /* Frameworks */ = {
			isa = PBXFrameworksBuildPhase;
			buildActionMask = 2147483647;
			files = (
				622DA9C7B980D98A2E1661A4 /* Pods_Ping_ChatUITests.framework in Frameworks */,
			);
			runOnlyForDeploymentPostprocessing = 0;
		};
/* End PBXFrameworksBuildPhase section */

/* Begin PBXGroup section */
		0AC67E53257682E01C51AD65 /* Frameworks */ = {
			isa = PBXGroup;
			children = (
				5AE212D6347EC0C137DD589E /* Pods_Ping_Chat.framework */,
				86D0F1D0B0EED8C04531C074 /* Pods_Ping_ChatTests.framework */,
				CDF2AEB8817DA1121B7A2B50 /* Pods_Ping_ChatUITests.framework */,
			);
			name = Frameworks;
			sourceTree = "<group>";
		};
		8BAA82662092F94C0099D1E9 /* Data */ = {
			isa = PBXGroup;
			children = (
				8BAA82672092F9670099D1E9 /* AddFrindsTableViewCell.swift */,
				8BAA82692092F9B30099D1E9 /* AddFriendsTableView.swift */,
			);
			path = Data;
			sourceTree = "<group>";
		};
		8BD1AA99209029BC0040539D = {
			isa = PBXGroup;
			children = (
				8BAA8271209318330099D1E9 /* GoogleService-Info.plist */,
				8BD1AADB20903C6A0040539D /* Assets.xcassets */,
				8BAA82662092F94C0099D1E9 /* Data */,
				8BD1AAD82090373F0040539D /* UIEffects */,
				8BD1AAD3209034080040539D /* Font */,
				8BD1AAA4209029BD0040539D /* Ping Chat */,
				8BD1AAB9209029C00040539D /* Ping ChatTests */,
				8BD1AAC4209029C00040539D /* Ping ChatUITests */,
				8BD1AAA3209029BD0040539D /* Products */,
				CDCEAB138C0A06C0A84A90E2 /* Pods */,
				0AC67E53257682E01C51AD65 /* Frameworks */,
			);
			sourceTree = "<group>";
		};
		8BD1AAA3209029BD0040539D /* Products */ = {
			isa = PBXGroup;
			children = (
				8BD1AAA2209029BD0040539D /* Ping Chat.app */,
				8BD1AAB6209029C00040539D /* Ping ChatTests.xctest */,
				8BD1AAC1209029C00040539D /* Ping ChatUITests.xctest */,
			);
			name = Products;
			sourceTree = "<group>";
		};
		8BD1AAA4209029BD0040539D /* Ping Chat */ = {
			isa = PBXGroup;
			children = (
				8BD201A42091A9200051DC70 /* ViewController */,
				8BD1AAA5209029BD0040539D /* AppDelegate.swift */,
				8BD1AAA9209029BD0040539D /* Main.storyboard */,
				8BAA826D209310DC0099D1E9 /* Login.storyboard */,
				8BD1AAAE209029C00040539D /* LaunchScreen.storyboard */,
				8BD1AAB1209029C00040539D /* Info.plist */,
				8BD1AADD20904A8C0040539D /* Register.storyboard */,
			);
			path = "Ping Chat";
			sourceTree = "<group>";
		};
		8BD1AAB9209029C00040539D /* Ping ChatTests */ = {
			isa = PBXGroup;
			children = (
				8BD1AABA209029C00040539D /* Ping_ChatTests.swift */,
				8BD1AABC209029C00040539D /* Info.plist */,
			);
			path = "Ping ChatTests";
			sourceTree = "<group>";
		};
		8BD1AAC4209029C00040539D /* Ping ChatUITests */ = {
			isa = PBXGroup;
			children = (
				8BD1AAC5209029C00040539D /* Ping_ChatUITests.swift */,
				8BD1AAC7209029C00040539D /* Info.plist */,
			);
			path = "Ping ChatUITests";
			sourceTree = "<group>";
		};
		8BD1AAD3209034080040539D /* Font */ = {
			isa = PBXGroup;
			children = (
				8BD1AAD52090344D0040539D /* Montserrat-Bold.otf */,
				8BD1AAD42090344C0040539D /* Montserrat-Regular.otf */,
			);
			path = Font;
			sourceTree = "<group>";
		};
		8BD1AAD82090373F0040539D /* UIEffects */ = {
			isa = PBXGroup;
			children = (
				8BD1AAD9209037560040539D /* RoundedButton.swift */,
				8BD1AAE1209064BF0040539D /* SegueFromLeft.swift */,
				8BD1AAE3209066C00040539D /* SegueFromRight.swift */,
			);
			path = UIEffects;
			sourceTree = "<group>";
		};
		8BD201A42091A9200051DC70 /* ViewController */ = {
			isa = PBXGroup;
			children = (
				8BD1AAA7209029BD0040539D /* WelcomeVC.swift */,
				8BD1AADF20904AEE0040539D /* NameVC.swift */,
				8BD201A52091A9630051DC70 /* EmailVC.swift */,
				8BD201A72091B4F00051DC70 /* ProfileVC.swift */,
				8BEC07DC2091CA3300723BD6 /* UsernameVC.swift */,
				8BAA82602092D6A20099D1E9 /* PasswordVC.swift */,
				8BAA82642092F8EB0099D1E9 /* AddFriendsVC.swift */,
				8BAA826B2093069B0099D1E9 /* BirthdayVC.swift */,
				8BAA826F209311FE0099D1E9 /* LoginVC.swift */,
			);
			path = ViewController;
			sourceTree = "<group>";
		};
		CDCEAB138C0A06C0A84A90E2 /* Pods */ = {
			isa = PBXGroup;
			children = (
				7A160507EECA399F927647A8 /* Pods-Ping Chat.debug.xcconfig */,
				CA94DF435AF7FE27D5AEBC9E /* Pods-Ping Chat.release.xcconfig */,
				8FCDDBC92C9A21BA1B23662F /* Pods-Ping ChatTests.debug.xcconfig */,
				ABABEA6C6E67C270F5EC321E /* Pods-Ping ChatTests.release.xcconfig */,
				F54D44D1762191AB6277001F /* Pods-Ping ChatUITests.debug.xcconfig */,
				D6E5DE512038CF032951A751 /* Pods-Ping ChatUITests.release.xcconfig */,
			);
			name = Pods;
			sourceTree = "<group>";
		};
/* End PBXGroup section */

/* Begin PBXNativeTarget section */
		8BD1AAA1209029BD0040539D /* Ping Chat */ = {
			isa = PBXNativeTarget;
			buildConfigurationList = 8BD1AACA209029C00040539D /* Build configuration list for PBXNativeTarget "Ping Chat" */;
			buildPhases = (
				D091724B180F48B94CCB31C3 /* [CP] Check Pods Manifest.lock */,
				8BD1AA9E209029BD0040539D /* Sources */,
				8BD1AA9F209029BD0040539D /* Frameworks */,
				8BD1AAA0209029BD0040539D /* Resources */,
				78FD36D0E7335739569C7CFE /* [CP] Embed Pods Frameworks */,
			);
			buildRules = (
			);
			dependencies = (
			);
			name = "Ping Chat";
			productName = "Ping Chat";
			productReference = 8BD1AAA2209029BD0040539D /* Ping Chat.app */;
			productType = "com.apple.product-type.application";
		};
		8BD1AAB5209029C00040539D /* Ping ChatTests */ = {
			isa = PBXNativeTarget;
			buildConfigurationList = 8BD1AACD209029C00040539D /* Build configuration list for PBXNativeTarget "Ping ChatTests" */;
			buildPhases = (
				881A9206F827EDF69267189E /* [CP] Check Pods Manifest.lock */,
				8BD1AAB2209029C00040539D /* Sources */,
				8BD1AAB3209029C00040539D /* Frameworks */,
				8BD1AAB4209029C00040539D /* Resources */,
			);
			buildRules = (
			);
			dependencies = (
				8BD1AAB8209029C00040539D /* PBXTargetDependency */,
			);
			name = "Ping ChatTests";
			productName = "Ping ChatTests";
			productReference = 8BD1AAB6209029C00040539D /* Ping ChatTests.xctest */;
			productType = "com.apple.product-type.bundle.unit-test";
		};
		8BD1AAC0209029C00040539D /* Ping ChatUITests */ = {
			isa = PBXNativeTarget;
			buildConfigurationList = 8BD1AAD0209029C00040539D /* Build configuration list for PBXNativeTarget "Ping ChatUITests" */;
			buildPhases = (
				BC2BE1286D01F17676C27550 /* [CP] Check Pods Manifest.lock */,
				8BD1AABD209029C00040539D /* Sources */,
				8BD1AABE209029C00040539D /* Frameworks */,
				8BD1AABF209029C00040539D /* Resources */,
			);
			buildRules = (
			);
			dependencies = (
				8BD1AAC3209029C00040539D /* PBXTargetDependency */,
			);
			name = "Ping ChatUITests";
			productName = "Ping ChatUITests";
			productReference = 8BD1AAC1209029C00040539D /* Ping ChatUITests.xctest */;
			productType = "com.apple.product-type.bundle.ui-testing";
		};
/* End PBXNativeTarget section */

/* Begin PBXProject section */
		8BD1AA9A209029BC0040539D /* Project object */ = {
			isa = PBXProject;
			attributes = {
				LastSwiftUpdateCheck = 0930;
				LastUpgradeCheck = 0930;
				ORGANIZATIONNAME = BetaMaju;
				TargetAttributes = {
					8BD1AAA1209029BD0040539D = {
						CreatedOnToolsVersion = 9.3;
					};
					8BD1AAB5209029C00040539D = {
						CreatedOnToolsVersion = 9.3;
						TestTargetID = 8BD1AAA1209029BD0040539D;
					};
					8BD1AAC0209029C00040539D = {
						CreatedOnToolsVersion = 9.3;
						TestTargetID = 8BD1AAA1209029BD0040539D;
					};
				};
			};
			buildConfigurationList = 8BD1AA9D209029BC0040539D /* Build configuration list for PBXProject "Ping Chat" */;
			compatibilityVersion = "Xcode 9.3";
			developmentRegion = en;
			hasScannedForEncodings = 0;
			knownRegions = (
				en,
				Base,
			);
			mainGroup = 8BD1AA99209029BC0040539D;
			productRefGroup = 8BD1AAA3209029BD0040539D /* Products */;
			projectDirPath = "";
			projectRoot = "";
			targets = (
				8BD1AAA1209029BD0040539D /* Ping Chat */,
				8BD1AAB5209029C00040539D /* Ping ChatTests */,
				8BD1AAC0209029C00040539D /* Ping ChatUITests */,
			);
		};
/* End PBXProject section */

/* Begin PBXResourcesBuildPhase section */
		8BD1AAA0209029BD0040539D /* Resources */ = {
			isa = PBXResourcesBuildPhase;
			buildActionMask = 2147483647;
			files = (
				8BD1AAD72090344D0040539D /* Montserrat-Bold.otf in Resources */,
				8BAA8272209318340099D1E9 /* GoogleService-Info.plist in Resources */,
				8BD1AAB0209029C00040539D /* LaunchScreen.storyboard in Resources */,
				8BAA826E209310DC0099D1E9 /* Login.storyboard in Resources */,
				8BD1AAAB209029BD0040539D /* Main.storyboard in Resources */,
				8BD1AAD62090344D0040539D /* Montserrat-Regular.otf in Resources */,
				8BD1AADC20903C6B0040539D /* Assets.xcassets in Resources */,
				8BD1AADE20904A8C0040539D /* Register.storyboard in Resources */,
			);
			runOnlyForDeploymentPostprocessing = 0;
		};
		8BD1AAB4209029C00040539D /* Resources */ = {
			isa = PBXResourcesBuildPhase;
			buildActionMask = 2147483647;
			files = (
			);
			runOnlyForDeploymentPostprocessing = 0;
		};
		8BD1AABF209029C00040539D /* Resources */ = {
			isa = PBXResourcesBuildPhase;
			buildActionMask = 2147483647;
			files = (
			);
			runOnlyForDeploymentPostprocessing = 0;
		};
/* End PBXResourcesBuildPhase section */

/* Begin PBXShellScriptBuildPhase section */
		78FD36D0E7335739569C7CFE /* [CP] Embed Pods Frameworks */ = {
			isa = PBXShellScriptBuildPhase;
			buildActionMask = 2147483647;
			files = (
			);
			inputPaths = (
				"${SRCROOT}/Pods/Target Support Files/Pods-Ping Chat/Pods-Ping Chat-frameworks.sh",
				"${BUILT_PRODUCTS_DIR}/GoogleToolboxForMac/GoogleToolboxForMac.framework",
				"${BUILT_PRODUCTS_DIR}/IQKeyboardManagerSwift/IQKeyboardManagerSwift.framework",
				"${BUILT_PRODUCTS_DIR}/MDFInternationalization/MDFInternationalization.framework",
				"${BUILT_PRODUCTS_DIR}/MaterialComponents/MaterialComponents.framework",
				"${BUILT_PRODUCTS_DIR}/nanopb/nanopb.framework",
			);
			name = "[CP] Embed Pods Frameworks";
			outputPaths = (
				"${TARGET_BUILD_DIR}/${FRAMEWORKS_FOLDER_PATH}/GoogleToolboxForMac.framework",
				"${TARGET_BUILD_DIR}/${FRAMEWORKS_FOLDER_PATH}/IQKeyboardManagerSwift.framework",
				"${TARGET_BUILD_DIR}/${FRAMEWORKS_FOLDER_PATH}/MDFInternationalization.framework",
				"${TARGET_BUILD_DIR}/${FRAMEWORKS_FOLDER_PATH}/MaterialComponents.framework",
				"${TARGET_BUILD_DIR}/${FRAMEWORKS_FOLDER_PATH}/nanopb.framework",
			);
			runOnlyForDeploymentPostprocessing = 0;
			shellPath = /bin/sh;
			shellScript = "\"${SRCROOT}/Pods/Target Support Files/Pods-Ping Chat/Pods-Ping Chat-frameworks.sh\"\n";
			showEnvVarsInLog = 0;
		};
		881A9206F827EDF69267189E /* [CP] Check Pods Manifest.lock */ = {
			isa = PBXShellScriptBuildPhase;
			buildActionMask = 2147483647;
			files = (
			);
			inputPaths = (
				"${PODS_PODFILE_DIR_PATH}/Podfile.lock",
				"${PODS_ROOT}/Manifest.lock",
			);
			name = "[CP] Check Pods Manifest.lock";
			outputPaths = (
				"$(DERIVED_FILE_DIR)/Pods-Ping ChatTests-checkManifestLockResult.txt",
			);
			runOnlyForDeploymentPostprocessing = 0;
			shellPath = /bin/sh;
			shellScript = "diff \"${PODS_PODFILE_DIR_PATH}/Podfile.lock\" \"${PODS_ROOT}/Manifest.lock\" > /dev/null\nif [ $? != 0 ] ; then\n    # print error to STDERR\n    echo \"error: The sandbox is not in sync with the Podfile.lock. Run 'pod install' or update your CocoaPods installation.\" >&2\n    exit 1\nfi\n# This output is used by Xcode 'outputs' to avoid re-running this script phase.\necho \"SUCCESS\" > \"${SCRIPT_OUTPUT_FILE_0}\"\n";
			showEnvVarsInLog = 0;
		};
		BC2BE1286D01F17676C27550 /* [CP] Check Pods Manifest.lock */ = {
			isa = PBXShellScriptBuildPhase;
			buildActionMask = 2147483647;
			files = (
			);
			inputPaths = (
				"${PODS_PODFILE_DIR_PATH}/Podfile.lock",
				"${PODS_ROOT}/Manifest.lock",
			);
			name = "[CP] Check Pods Manifest.lock";
			outputPaths = (
				"$(DERIVED_FILE_DIR)/Pods-Ping ChatUITests-checkManifestLockResult.txt",
			);
			runOnlyForDeploymentPostprocessing = 0;
			shellPath = /bin/sh;
			shellScript = "diff \"${PODS_PODFILE_DIR_PATH}/Podfile.lock\" \"${PODS_ROOT}/Manifest.lock\" > /dev/null\nif [ $? != 0 ] ; then\n    # print error to STDERR\n    echo \"error: The sandbox is not in sync with the Podfile.lock. Run 'pod install' or update your CocoaPods installation.\" >&2\n    exit 1\nfi\n# This output is used by Xcode 'outputs' to avoid re-running this script phase.\necho \"SUCCESS\" > \"${SCRIPT_OUTPUT_FILE_0}\"\n";
			showEnvVarsInLog = 0;
		};
		D091724B180F48B94CCB31C3 /* [CP] Check Pods Manifest.lock */ = {
			isa = PBXShellScriptBuildPhase;
			buildActionMask = 2147483647;
			files = (
			);
			inputPaths = (
				"${PODS_PODFILE_DIR_PATH}/Podfile.lock",
				"${PODS_ROOT}/Manifest.lock",
			);
			name = "[CP] Check Pods Manifest.lock";
			outputPaths = (
				"$(DERIVED_FILE_DIR)/Pods-Ping Chat-checkManifestLockResult.txt",
			);
			runOnlyForDeploymentPostprocessing = 0;
			shellPath = /bin/sh;
			shellScript = "diff \"${PODS_PODFILE_DIR_PATH}/Podfile.lock\" \"${PODS_ROOT}/Manifest.lock\" > /dev/null\nif [ $? != 0 ] ; then\n    # print error to STDERR\n    echo \"error: The sandbox is not in sync with the Podfile.lock. Run 'pod install' or update your CocoaPods installation.\" >&2\n    exit 1\nfi\n# This output is used by Xcode 'outputs' to avoid re-running this script phase.\necho \"SUCCESS\" > \"${SCRIPT_OUTPUT_FILE_0}\"\n";
			showEnvVarsInLog = 0;
		};
/* End PBXShellScriptBuildPhase section */

/* Begin PBXSourcesBuildPhase section */
		8BD1AA9E209029BD0040539D /* Sources */ = {
			isa = PBXSourcesBuildPhase;
			buildActionMask = 2147483647;
			files = (
				8BD1AAE2209064BF0040539D /* SegueFromLeft.swift in Sources */,
				8BAA82652092F8EB0099D1E9 /* AddFriendsVC.swift in Sources */,
				8BAA82612092D6A20099D1E9 /* PasswordVC.swift in Sources */,
				8BAA826C2093069B0099D1E9 /* BirthdayVC.swift in Sources */,
				8BD1AAA8209029BD0040539D /* WelcomeVC.swift in Sources */,
				8BD1AAE4209066C00040539D /* SegueFromRight.swift in Sources */,
				8BD201A62091A9630051DC70 /* EmailVC.swift in Sources */,
				8BD201A82091B4F10051DC70 /* ProfileVC.swift in Sources */,
				8BD1AAE020904AEE0040539D /* NameVC.swift in Sources */,
				8BAA826A2092F9B30099D1E9 /* AddFriendsTableView.swift in Sources */,
				8BEC07DD2091CA3300723BD6 /* UsernameVC.swift in Sources */,
				8BAA82682092F9670099D1E9 /* AddFrindsTableViewCell.swift in Sources */,
				8BD1AADA209037560040539D /* RoundedButton.swift in Sources */,
				8BD1AAA6209029BD0040539D /* AppDelegate.swift in Sources */,
				8BAA8270209311FE0099D1E9 /* LoginVC.swift in Sources */,
			);
			runOnlyForDeploymentPostprocessing = 0;
		};
		8BD1AAB2209029C00040539D /* Sources */ = {
			isa = PBXSourcesBuildPhase;
			buildActionMask = 2147483647;
			files = (
				8BD1AABB209029C00040539D /* Ping_ChatTests.swift in Sources */,
			);
			runOnlyForDeploymentPostprocessing = 0;
		};
		8BD1AABD209029C00040539D /* Sources */ = {
			isa = PBXSourcesBuildPhase;
			buildActionMask = 2147483647;
			files = (
				8BD1AAC6209029C00040539D /* Ping_ChatUITests.swift in Sources */,
			);
			runOnlyForDeploymentPostprocessing = 0;
		};
/* End PBXSourcesBuildPhase section */

/* Begin PBXTargetDependency section */
		8BD1AAB8209029C00040539D /* PBXTargetDependency */ = {
			isa = PBXTargetDependency;
			target = 8BD1AAA1209029BD0040539D /* Ping Chat */;
			targetProxy = 8BD1AAB7209029C00040539D /* PBXContainerItemProxy */;
		};
		8BD1AAC3209029C00040539D /* PBXTargetDependency */ = {
			isa = PBXTargetDependency;
			target = 8BD1AAA1209029BD0040539D /* Ping Chat */;
			targetProxy = 8BD1AAC2209029C00040539D /* PBXContainerItemProxy */;
		};
/* End PBXTargetDependency section */

/* Begin PBXVariantGroup section */
		8BD1AAA9209029BD0040539D /* Main.storyboard */ = {
			isa = PBXVariantGroup;
			children = (
				8BD1AAAA209029BD0040539D /* Base */,
			);
			name = Main.storyboard;
			sourceTree = "<group>";
		};
		8BD1AAAE209029C00040539D /* LaunchScreen.storyboard */ = {
			isa = PBXVariantGroup;
			children = (
				8BD1AAAF209029C00040539D /* Base */,
			);
			name = LaunchScreen.storyboard;
			sourceTree = "<group>";
		};
/* End PBXVariantGroup section */

/* Begin XCBuildConfiguration section */
		8BD1AAC8209029C00040539D /* Debug */ = {
			isa = XCBuildConfiguration;
			buildSettings = {
				ALWAYS_SEARCH_USER_PATHS = NO;
				CLANG_ANALYZER_NONNULL = YES;
				CLANG_ANALYZER_NUMBER_OBJECT_CONVERSION = YES_AGGRESSIVE;
				CLANG_CXX_LANGUAGE_STANDARD = "gnu++14";
				CLANG_CXX_LIBRARY = "libc++";
				CLANG_ENABLE_MODULES = YES;
				CLANG_ENABLE_OBJC_ARC = YES;
				CLANG_ENABLE_OBJC_WEAK = YES;
				CLANG_WARN_BLOCK_CAPTURE_AUTORELEASING = YES;
				CLANG_WARN_BOOL_CONVERSION = YES;
				CLANG_WARN_COMMA = YES;
				CLANG_WARN_CONSTANT_CONVERSION = YES;
				CLANG_WARN_DEPRECATED_OBJC_IMPLEMENTATIONS = YES;
				CLANG_WARN_DIRECT_OBJC_ISA_USAGE = YES_ERROR;
				CLANG_WARN_DOCUMENTATION_COMMENTS = YES;
				CLANG_WARN_EMPTY_BODY = YES;
				CLANG_WARN_ENUM_CONVERSION = YES;
				CLANG_WARN_INFINITE_RECURSION = YES;
				CLANG_WARN_INT_CONVERSION = YES;
				CLANG_WARN_NON_LITERAL_NULL_CONVERSION = YES;
				CLANG_WARN_OBJC_IMPLICIT_RETAIN_SELF = YES;
				CLANG_WARN_OBJC_LITERAL_CONVERSION = YES;
				CLANG_WARN_OBJC_ROOT_CLASS = YES_ERROR;
				CLANG_WARN_RANGE_LOOP_ANALYSIS = YES;
				CLANG_WARN_STRICT_PROTOTYPES = YES;
				CLANG_WARN_SUSPICIOUS_MOVE = YES;
				CLANG_WARN_UNGUARDED_AVAILABILITY = YES_AGGRESSIVE;
				CLANG_WARN_UNREACHABLE_CODE = YES;
				CLANG_WARN__DUPLICATE_METHOD_MATCH = YES;
				CODE_SIGN_IDENTITY = "iPhone Developer";
				COPY_PHASE_STRIP = NO;
				DEBUG_INFORMATION_FORMAT = dwarf;
				ENABLE_STRICT_OBJC_MSGSEND = YES;
				ENABLE_TESTABILITY = YES;
				GCC_C_LANGUAGE_STANDARD = gnu11;
				GCC_DYNAMIC_NO_PIC = NO;
				GCC_NO_COMMON_BLOCKS = YES;
				GCC_OPTIMIZATION_LEVEL = 0;
				GCC_PREPROCESSOR_DEFINITIONS = (
					"DEBUG=1",
					"$(inherited)",
				);
				GCC_WARN_64_TO_32_BIT_CONVERSION = YES;
				GCC_WARN_ABOUT_RETURN_TYPE = YES_ERROR;
				GCC_WARN_UNDECLARED_SELECTOR = YES;
				GCC_WARN_UNINITIALIZED_AUTOS = YES_AGGRESSIVE;
				GCC_WARN_UNUSED_FUNCTION = YES;
				GCC_WARN_UNUSED_VARIABLE = YES;
				IPHONEOS_DEPLOYMENT_TARGET = 11.3;
				MTL_ENABLE_DEBUG_INFO = YES;
				ONLY_ACTIVE_ARCH = YES;
				SDKROOT = iphoneos;
				SWIFT_ACTIVE_COMPILATION_CONDITIONS = DEBUG;
				SWIFT_OPTIMIZATION_LEVEL = "-Onone";
			};
			name = Debug;
		};
		8BD1AAC9209029C00040539D /* Release */ = {
			isa = XCBuildConfiguration;
			buildSettings = {
				ALWAYS_SEARCH_USER_PATHS = NO;
				CLANG_ANALYZER_NONNULL = YES;
				CLANG_ANALYZER_NUMBER_OBJECT_CONVERSION = YES_AGGRESSIVE;
				CLANG_CXX_LANGUAGE_STANDARD = "gnu++14";
				CLANG_CXX_LIBRARY = "libc++";
				CLANG_ENABLE_MODULES = YES;
				CLANG_ENABLE_OBJC_ARC = YES;
				CLANG_ENABLE_OBJC_WEAK = YES;
				CLANG_WARN_BLOCK_CAPTURE_AUTORELEASING = YES;
				CLANG_WARN_BOOL_CONVERSION = YES;
				CLANG_WARN_COMMA = YES;
				CLANG_WARN_CONSTANT_CONVERSION = YES;
				CLANG_WARN_DEPRECATED_OBJC_IMPLEMENTATIONS = YES;
				CLANG_WARN_DIRECT_OBJC_ISA_USAGE = YES_ERROR;
				CLANG_WARN_DOCUMENTATION_COMMENTS = YES;
				CLANG_WARN_EMPTY_BODY = YES;
				CLANG_WARN_ENUM_CONVERSION = YES;
				CLANG_WARN_INFINITE_RECURSION = YES;
				CLANG_WARN_INT_CONVERSION = YES;
				CLANG_WARN_NON_LITERAL_NULL_CONVERSION = YES;
				CLANG_WARN_OBJC_IMPLICIT_RETAIN_SELF = YES;
				CLANG_WARN_OBJC_LITERAL_CONVERSION = YES;
				CLANG_WARN_OBJC_ROOT_CLASS = YES_ERROR;
				CLANG_WARN_RANGE_LOOP_ANALYSIS = YES;
				CLANG_WARN_STRICT_PROTOTYPES = YES;
				CLANG_WARN_SUSPICIOUS_MOVE = YES;
				CLANG_WARN_UNGUARDED_AVAILABILITY = YES_AGGRESSIVE;
				CLANG_WARN_UNREACHABLE_CODE = YES;
				CLANG_WARN__DUPLICATE_METHOD_MATCH = YES;
				CODE_SIGN_IDENTITY = "iPhone Developer";
				COPY_PHASE_STRIP = NO;
				DEBUG_INFORMATION_FORMAT = "dwarf-with-dsym";
				ENABLE_NS_ASSERTIONS = NO;
				ENABLE_STRICT_OBJC_MSGSEND = YES;
				GCC_C_LANGUAGE_STANDARD = gnu11;
				GCC_NO_COMMON_BLOCKS = YES;
				GCC_WARN_64_TO_32_BIT_CONVERSION = YES;
				GCC_WARN_ABOUT_RETURN_TYPE = YES_ERROR;
				GCC_WARN_UNDECLARED_SELECTOR = YES;
				GCC_WARN_UNINITIALIZED_AUTOS = YES_AGGRESSIVE;
				GCC_WARN_UNUSED_FUNCTION = YES;
				GCC_WARN_UNUSED_VARIABLE = YES;
				IPHONEOS_DEPLOYMENT_TARGET = 11.3;
				MTL_ENABLE_DEBUG_INFO = NO;
				SDKROOT = iphoneos;
				SWIFT_COMPILATION_MODE = wholemodule;
				SWIFT_OPTIMIZATION_LEVEL = "-O";
				VALIDATE_PRODUCT = YES;
			};
			name = Release;
		};
		8BD1AACB209029C00040539D /* Debug */ = {
			isa = XCBuildConfiguration;
			baseConfigurationReference = 7A160507EECA399F927647A8 /* Pods-Ping Chat.debug.xcconfig */;
			buildSettings = {
				ASSETCATALOG_COMPILER_APPICON_NAME = AppIcon;
				CODE_SIGN_STYLE = Automatic;
				DEVELOPMENT_TEAM = BXK7V27BSL;
				INFOPLIST_FILE = "Ping Chat/Info.plist";
				LD_RUNPATH_SEARCH_PATHS = "$(inherited) @executable_path/Frameworks";
				PRODUCT_BUNDLE_IDENTIFIER = "BetaMaju.Ping-Chat";
				PRODUCT_NAME = "$(TARGET_NAME)";
				SWIFT_VERSION = 4.0;
				TARGETED_DEVICE_FAMILY = 1;
			};
			name = Debug;
		};
		8BD1AACC209029C00040539D /* Release */ = {
			isa = XCBuildConfiguration;
			baseConfigurationReference = CA94DF435AF7FE27D5AEBC9E /* Pods-Ping Chat.release.xcconfig */;
			buildSettings = {
				ASSETCATALOG_COMPILER_APPICON_NAME = AppIcon;
				CODE_SIGN_STYLE = Automatic;
				DEVELOPMENT_TEAM = BXK7V27BSL;
				INFOPLIST_FILE = "Ping Chat/Info.plist";
				LD_RUNPATH_SEARCH_PATHS = "$(inherited) @executable_path/Frameworks";
				PRODUCT_BUNDLE_IDENTIFIER = "BetaMaju.Ping-Chat";
				PRODUCT_NAME = "$(TARGET_NAME)";
				SWIFT_VERSION = 4.0;
				TARGETED_DEVICE_FAMILY = 1;
			};
			name = Release;
		};
		8BD1AACE209029C00040539D /* Debug */ = {
			isa = XCBuildConfiguration;
			baseConfigurationReference = 8FCDDBC92C9A21BA1B23662F /* Pods-Ping ChatTests.debug.xcconfig */;
			buildSettings = {
				ALWAYS_EMBED_SWIFT_STANDARD_LIBRARIES = YES;
				BUNDLE_LOADER = "$(TEST_HOST)";
				CODE_SIGN_STYLE = Automatic;
				DEVELOPMENT_TEAM = BXK7V27BSL;
				INFOPLIST_FILE = "Ping ChatTests/Info.plist";
				LD_RUNPATH_SEARCH_PATHS = "$(inherited) @executable_path/Frameworks @loader_path/Frameworks";
				PRODUCT_BUNDLE_IDENTIFIER = "BetaMaju.Ping-ChatTests";
				PRODUCT_NAME = "$(TARGET_NAME)";
				SWIFT_VERSION = 4.0;
				TARGETED_DEVICE_FAMILY = "1,2";
				TEST_HOST = "$(BUILT_PRODUCTS_DIR)/Ping Chat.app/Ping Chat";
			};
			name = Debug;
		};
		8BD1AACF209029C00040539D /* Release */ = {
			isa = XCBuildConfiguration;
			baseConfigurationReference = ABABEA6C6E67C270F5EC321E /* Pods-Ping ChatTests.release.xcconfig */;
			buildSettings = {
				ALWAYS_EMBED_SWIFT_STANDARD_LIBRARIES = YES;
				BUNDLE_LOADER = "$(TEST_HOST)";
				CODE_SIGN_STYLE = Automatic;
				DEVELOPMENT_TEAM = BXK7V27BSL;
				INFOPLIST_FILE = "Ping ChatTests/Info.plist";
				LD_RUNPATH_SEARCH_PATHS = "$(inherited) @executable_path/Frameworks @loader_path/Frameworks";
				PRODUCT_BUNDLE_IDENTIFIER = "BetaMaju.Ping-ChatTests";
				PRODUCT_NAME = "$(TARGET_NAME)";
				SWIFT_VERSION = 4.0;
				TARGETED_DEVICE_FAMILY = "1,2";
				TEST_HOST = "$(BUILT_PRODUCTS_DIR)/Ping Chat.app/Ping Chat";
			};
			name = Release;
		};
		8BD1AAD1209029C00040539D /* Debug */ = {
			isa = XCBuildConfiguration;
			baseConfigurationReference = F54D44D1762191AB6277001F /* Pods-Ping ChatUITests.debug.xcconfig */;
			buildSettings = {
				ALWAYS_EMBED_SWIFT_STANDARD_LIBRARIES = YES;
				CODE_SIGN_STYLE = Automatic;
				DEVELOPMENT_TEAM = BXK7V27BSL;
				INFOPLIST_FILE = "Ping ChatUITests/Info.plist";
				LD_RUNPATH_SEARCH_PATHS = "$(inherited) @executable_path/Frameworks @loader_path/Frameworks";
				PRODUCT_BUNDLE_IDENTIFIER = "BetaMaju.Ping-ChatUITests";
				PRODUCT_NAME = "$(TARGET_NAME)";
				SWIFT_VERSION = 4.0;
				TARGETED_DEVICE_FAMILY = "1,2";
				TEST_TARGET_NAME = "Ping Chat";
			};
			name = Debug;
		};
		8BD1AAD2209029C00040539D /* Release */ = {
			isa = XCBuildConfiguration;
			baseConfigurationReference = D6E5DE512038CF032951A751 /* Pods-Ping ChatUITests.release.xcconfig */;
			buildSettings = {
				ALWAYS_EMBED_SWIFT_STANDARD_LIBRARIES = YES;
				CODE_SIGN_STYLE = Automatic;
				DEVELOPMENT_TEAM = BXK7V27BSL;
				INFOPLIST_FILE = "Ping ChatUITests/Info.plist";
				LD_RUNPATH_SEARCH_PATHS = "$(inherited) @executable_path/Frameworks @loader_path/Frameworks";
				PRODUCT_BUNDLE_IDENTIFIER = "BetaMaju.Ping-ChatUITests";
				PRODUCT_NAME = "$(TARGET_NAME)";
				SWIFT_VERSION = 4.0;
				TARGETED_DEVICE_FAMILY = "1,2";
				TEST_TARGET_NAME = "Ping Chat";
			};
			name = Release;
		};
/* End XCBuildConfiguration section */

/* Begin XCConfigurationList section */
		8BD1AA9D209029BC0040539D /* Build configuration list for PBXProject "Ping Chat" */ = {
			isa = XCConfigurationList;
			buildConfigurations = (
				8BD1AAC8209029C00040539D /* Debug */,
				8BD1AAC9209029C00040539D /* Release */,
			);
			defaultConfigurationIsVisible = 0;
			defaultConfigurationName = Release;
		};
		8BD1AACA209029C00040539D /* Build configuration list for PBXNativeTarget "Ping Chat" */ = {
			isa = XCConfigurationList;
			buildConfigurations = (
				8BD1AACB209029C00040539D /* Debug */,
				8BD1AACC209029C00040539D /* Release */,
			);
			defaultConfigurationIsVisible = 0;
			defaultConfigurationName = Release;
		};
		8BD1AACD209029C00040539D /* Build configuration list for PBXNativeTarget "Ping ChatTests" */ = {
			isa = XCConfigurationList;
			buildConfigurations = (
				8BD1AACE209029C00040539D /* Debug */,
				8BD1AACF209029C00040539D /* Release */,
			);
			defaultConfigurationIsVisible = 0;
			defaultConfigurationName = Release;
		};
		8BD1AAD0209029C00040539D /* Build configuration list for PBXNativeTarget "Ping ChatUITests" */ = {
			isa = XCConfigurationList;
			buildConfigurations = (
				8BD1AAD1209029C00040539D /* Debug */,
				8BD1AAD2209029C00040539D /* Release */,
			);
			defaultConfigurationIsVisible = 0;
			defaultConfigurationName = Release;
		};
/* End XCConfigurationList section */
	};
	rootObject = 8BD1AA9A209029BC0040539D /* Project object */;
}
